// !$*UTF8*$!
{
	archiveVersion = 1;
	classes = {
	};
	objectVersion = 48;
	objects = {

/* Begin PBXBuildFile section */
		965C36341FCCF27700926119 /* SwitchTableViewCell.swift in Sources */ = {isa = PBXBuildFile; fileRef = 965C36331FCCF27700926119 /* SwitchTableViewCell.swift */; };
		96693D3E202989140037FDE7 /* TwitterKit.framework in Frameworks */ = {isa = PBXBuildFile; fileRef = 96693D3A202989130037FDE7 /* TwitterKit.framework */; };
		96693D3F202989140037FDE7 /* TwitterKitResources.bundle in Resources */ = {isa = PBXBuildFile; fileRef = 96693D3B202989130037FDE7 /* TwitterKitResources.bundle */; };
		96693D40202989140037FDE7 /* TwitterCore.framework in Frameworks */ = {isa = PBXBuildFile; fileRef = 96693D3C202989140037FDE7 /* TwitterCore.framework */; };
		96693D41202989140037FDE7 /* TwitterShareExtensionUIResources.bundle in Resources */ = {isa = PBXBuildFile; fileRef = 96693D3D202989140037FDE7 /* TwitterShareExtensionUIResources.bundle */; };
		968920131F9F405800484F22 /* AppDelegate.swift in Sources */ = {isa = PBXBuildFile; fileRef = 968920121F9F405800484F22 /* AppDelegate.swift */; };
		968920151F9F405800484F22 /* ViewController.swift in Sources */ = {isa = PBXBuildFile; fileRef = 968920141F9F405800484F22 /* ViewController.swift */; };
		968920181F9F405800484F22 /* Main.storyboard in Resources */ = {isa = PBXBuildFile; fileRef = 968920161F9F405800484F22 /* Main.storyboard */; };
		9689201A1F9F405800484F22 /* Assets.xcassets in Resources */ = {isa = PBXBuildFile; fileRef = 968920191F9F405800484F22 /* Assets.xcassets */; };
		9689201D1F9F405800484F22 /* LaunchScreen.storyboard in Resources */ = {isa = PBXBuildFile; fileRef = 9689201B1F9F405800484F22 /* LaunchScreen.storyboard */; };
		968920281F9F405800484F22 /* put_clockTests.swift in Sources */ = {isa = PBXBuildFile; fileRef = 968920271F9F405800484F22 /* put_clockTests.swift */; };
		968920331F9F405800484F22 /* put_clockUITests.swift in Sources */ = {isa = PBXBuildFile; fileRef = 968920321F9F405800484F22 /* put_clockUITests.swift */; };
		96A54D191FCC0B4B001EA499 /* LeftViewController.swift in Sources */ = {isa = PBXBuildFile; fileRef = 96A54D181FCC0B4B001EA499 /* LeftViewController.swift */; };
		96A54D1B1FCC0F6C001EA499 /* draw.swift in Sources */ = {isa = PBXBuildFile; fileRef = 96A54D1A1FCC0F6C001EA499 /* draw.swift */; };
		96A54D1F1FCC17C3001EA499 /* ThemeTableViewCell.swift in Sources */ = {isa = PBXBuildFile; fileRef = 96A54D1E1FCC17C3001EA499 /* ThemeTableViewCell.swift */; };
		96FDA7C21FAC5F3B00A92743 /* SettingViewController.swift in Sources */ = {isa = PBXBuildFile; fileRef = 96FDA7C11FAC5F3B00A92743 /* SettingViewController.swift */; };
		C6730B70202455A700D0E142 /* 設定管理.swift in Sources */ = {isa = PBXBuildFile; fileRef = C6730B6F202455A700D0E142 /* 設定管理.swift */; };
		C6B84E732017873600BCE281 /* color_switch.swift in Sources */ = {isa = PBXBuildFile; fileRef = C6B84E722017873600BCE281 /* color_switch.swift */; };
		C6B84E752017897E00BCE281 /* onlyViewController.swift in Sources */ = {isa = PBXBuildFile; fileRef = C6B84E742017897E00BCE281 /* onlyViewController.swift */; };
/* End PBXBuildFile section */

/* Begin PBXContainerItemProxy section */
		968920241F9F405800484F22 /* PBXContainerItemProxy */ = {
			isa = PBXContainerItemProxy;
			containerPortal = 968920071F9F405700484F22 /* Project object */;
			proxyType = 1;
			remoteGlobalIDString = 9689200E1F9F405800484F22;
			remoteInfo = put_clock;
		};
		9689202F1F9F405800484F22 /* PBXContainerItemProxy */ = {
			isa = PBXContainerItemProxy;
			containerPortal = 968920071F9F405700484F22 /* Project object */;
			proxyType = 1;
			remoteGlobalIDString = 9689200E1F9F405800484F22;
			remoteInfo = put_clock;
		};
/* End PBXContainerItemProxy section */

/* Begin PBXFileReference section */
		965C36331FCCF27700926119 /* SwitchTableViewCell.swift */ = {isa = PBXFileReference; lastKnownFileType = sourcecode.swift; path = SwitchTableViewCell.swift; sourceTree = "<group>"; };
		96693D3A202989130037FDE7 /* TwitterKit.framework */ = {isa = PBXFileReference; lastKnownFileType = wrapper.framework; path = TwitterKit.framework; sourceTree = "<group>"; };
		96693D3B202989130037FDE7 /* TwitterKitResources.bundle */ = {isa = PBXFileReference; lastKnownFileType = "wrapper.plug-in"; path = TwitterKitResources.bundle; sourceTree = "<group>"; };
		96693D3C202989140037FDE7 /* TwitterCore.framework */ = {isa = PBXFileReference; lastKnownFileType = wrapper.framework; path = TwitterCore.framework; sourceTree = "<group>"; };
		96693D3D202989140037FDE7 /* TwitterShareExtensionUIResources.bundle */ = {isa = PBXFileReference; lastKnownFileType = "wrapper.plug-in"; path = TwitterShareExtensionUIResources.bundle; sourceTree = "<group>"; };
		9689200F1F9F405800484F22 /* put_clock.app */ = {isa = PBXFileReference; explicitFileType = wrapper.application; includeInIndex = 0; path = put_clock.app; sourceTree = BUILT_PRODUCTS_DIR; };
		968920121F9F405800484F22 /* AppDelegate.swift */ = {isa = PBXFileReference; lastKnownFileType = sourcecode.swift; path = AppDelegate.swift; sourceTree = "<group>"; };
		968920141F9F405800484F22 /* ViewController.swift */ = {isa = PBXFileReference; lastKnownFileType = sourcecode.swift; path = ViewController.swift; sourceTree = "<group>"; };
		968920171F9F405800484F22 /* Base */ = {isa = PBXFileReference; lastKnownFileType = file.storyboard; name = Base; path = Base.lproj/Main.storyboard; sourceTree = "<group>"; };
		968920191F9F405800484F22 /* Assets.xcassets */ = {isa = PBXFileReference; lastKnownFileType = folder.assetcatalog; path = Assets.xcassets; sourceTree = "<group>"; };
		9689201C1F9F405800484F22 /* Base */ = {isa = PBXFileReference; lastKnownFileType = file.storyboard; name = Base; path = Base.lproj/LaunchScreen.storyboard; sourceTree = "<group>"; };
		9689201E1F9F405800484F22 /* Info.plist */ = {isa = PBXFileReference; lastKnownFileType = text.plist.xml; path = Info.plist; sourceTree = "<group>"; };
		968920231F9F405800484F22 /* put_clockTests.xctest */ = {isa = PBXFileReference; explicitFileType = wrapper.cfbundle; includeInIndex = 0; path = put_clockTests.xctest; sourceTree = BUILT_PRODUCTS_DIR; };
		968920271F9F405800484F22 /* put_clockTests.swift */ = {isa = PBXFileReference; lastKnownFileType = sourcecode.swift; path = put_clockTests.swift; sourceTree = "<group>"; };
		968920291F9F405800484F22 /* Info.plist */ = {isa = PBXFileReference; lastKnownFileType = text.plist.xml; path = Info.plist; sourceTree = "<group>"; };
		9689202E1F9F405800484F22 /* put_clockUITests.xctest */ = {isa = PBXFileReference; explicitFileType = wrapper.cfbundle; includeInIndex = 0; path = put_clockUITests.xctest; sourceTree = BUILT_PRODUCTS_DIR; };
		968920321F9F405800484F22 /* put_clockUITests.swift */ = {isa = PBXFileReference; lastKnownFileType = sourcecode.swift; path = put_clockUITests.swift; sourceTree = "<group>"; };
		968920341F9F405800484F22 /* Info.plist */ = {isa = PBXFileReference; lastKnownFileType = text.plist.xml; path = Info.plist; sourceTree = "<group>"; };
		96A54D181FCC0B4B001EA499 /* LeftViewController.swift */ = {isa = PBXFileReference; lastKnownFileType = sourcecode.swift; path = LeftViewController.swift; sourceTree = "<group>"; };
		96A54D1A1FCC0F6C001EA499 /* draw.swift */ = {isa = PBXFileReference; lastKnownFileType = sourcecode.swift; path = draw.swift; sourceTree = "<group>"; };
		96A54D1E1FCC17C3001EA499 /* ThemeTableViewCell.swift */ = {isa = PBXFileReference; lastKnownFileType = sourcecode.swift; path = ThemeTableViewCell.swift; sourceTree = "<group>"; };
		96FDA7C11FAC5F3B00A92743 /* SettingViewController.swift */ = {isa = PBXFileReference; lastKnownFileType = sourcecode.swift; path = SettingViewController.swift; sourceTree = "<group>"; };
		C6730B6F202455A700D0E142 /* 設定管理.swift */ = {isa = PBXFileReference; fileEncoding = 4; lastKnownFileType = sourcecode.swift; path = "設定管理.swift"; sourceTree = "<group>"; };
		C6B84E722017873600BCE281 /* color_switch.swift */ = {isa = PBXFileReference; lastKnownFileType = sourcecode.swift; path = color_switch.swift; sourceTree = "<group>"; };
		C6B84E742017897E00BCE281 /* onlyViewController.swift */ = {isa = PBXFileReference; lastKnownFileType = sourcecode.swift; path = onlyViewController.swift; sourceTree = "<group>"; };
/* End PBXFileReference section */

/* Begin PBXFrameworksBuildPhase section */
		9689200C1F9F405800484F22 /* Frameworks */ = {
			isa = PBXFrameworksBuildPhase;
			buildActionMask = 2147483647;
			files = (
				96693D3E202989140037FDE7 /* TwitterKit.framework in Frameworks */,
				96693D40202989140037FDE7 /* TwitterCore.framework in Frameworks */,
			);
			runOnlyForDeploymentPostprocessing = 0;
		};
		968920201F9F405800484F22 /* Frameworks */ = {
			isa = PBXFrameworksBuildPhase;
			buildActionMask = 2147483647;
			files = (
			);
			runOnlyForDeploymentPostprocessing = 0;
		};
		9689202B1F9F405800484F22 /* Frameworks */ = {
			isa = PBXFrameworksBuildPhase;
			buildActionMask = 2147483647;
			files = (
			);
			runOnlyForDeploymentPostprocessing = 0;
		};
/* End PBXFrameworksBuildPhase section */

/* Begin PBXGroup section */
		968920061F9F405700484F22 = {
			isa = PBXGroup;
			children = (
				96693D3C202989140037FDE7 /* TwitterCore.framework */,
				96693D3A202989130037FDE7 /* TwitterKit.framework */,
				96693D3B202989130037FDE7 /* TwitterKitResources.bundle */,
				96693D3D202989140037FDE7 /* TwitterShareExtensionUIResources.bundle */,
				968920111F9F405800484F22 /* put_clock */,
				968920261F9F405800484F22 /* put_clockTests */,
				968920311F9F405800484F22 /* put_clockUITests */,
				968920101F9F405800484F22 /* Products */,
			);
			sourceTree = "<group>";
		};
		968920101F9F405800484F22 /* Products */ = {
			isa = PBXGroup;
			children = (
				9689200F1F9F405800484F22 /* put_clock.app */,
				968920231F9F405800484F22 /* put_clockTests.xctest */,
				9689202E1F9F405800484F22 /* put_clockUITests.xctest */,
			);
			name = Products;
			sourceTree = "<group>";
		};
		968920111F9F405800484F22 /* put_clock */ = {
			isa = PBXGroup;
			children = (
				968920121F9F405800484F22 /* AppDelegate.swift */,
				968920141F9F405800484F22 /* ViewController.swift */,
				96FDA7C11FAC5F3B00A92743 /* SettingViewController.swift */,
				C6B84E742017897E00BCE281 /* onlyViewController.swift */,
				C6730B6F202455A700D0E142 /* 設定管理.swift */,
				C6B84E722017873600BCE281 /* color_switch.swift */,
				968920161F9F405800484F22 /* Main.storyboard */,
				968920191F9F405800484F22 /* Assets.xcassets */,
				9689201B1F9F405800484F22 /* LaunchScreen.storyboard */,
				9689201E1F9F405800484F22 /* Info.plist */,
				96A54D181FCC0B4B001EA499 /* LeftViewController.swift */,
				96A54D1A1FCC0F6C001EA499 /* draw.swift */,
				96A54D1E1FCC17C3001EA499 /* ThemeTableViewCell.swift */,
				965C36331FCCF27700926119 /* SwitchTableViewCell.swift */,
			);
			path = put_clock;
			sourceTree = "<group>";
		};
		968920261F9F405800484F22 /* put_clockTests */ = {
			isa = PBXGroup;
			children = (
				968920271F9F405800484F22 /* put_clockTests.swift */,
				968920291F9F405800484F22 /* Info.plist */,
			);
			path = put_clockTests;
			sourceTree = "<group>";
		};
		968920311F9F405800484F22 /* put_clockUITests */ = {
			isa = PBXGroup;
			children = (
				968920321F9F405800484F22 /* put_clockUITests.swift */,
				968920341F9F405800484F22 /* Info.plist */,
			);
			path = put_clockUITests;
			sourceTree = "<group>";
		};
/* End PBXGroup section */

/* Begin PBXNativeTarget section */
		9689200E1F9F405800484F22 /* put_clock */ = {
			isa = PBXNativeTarget;
			buildConfigurationList = 968920371F9F405800484F22 /* Build configuration list for PBXNativeTarget "put_clock" */;
			buildPhases = (
				9689200B1F9F405800484F22 /* Sources */,
				9689200C1F9F405800484F22 /* Frameworks */,
				9689200D1F9F405800484F22 /* Resources */,
			);
			buildRules = (
			);
			dependencies = (
			);
			name = put_clock;
			productName = put_clock;
			productReference = 9689200F1F9F405800484F22 /* put_clock.app */;
			productType = "com.apple.product-type.application";
		};
		968920221F9F405800484F22 /* put_clockTests */ = {
			isa = PBXNativeTarget;
			buildConfigurationList = 9689203A1F9F405800484F22 /* Build configuration list for PBXNativeTarget "put_clockTests" */;
			buildPhases = (
				9689201F1F9F405800484F22 /* Sources */,
				968920201F9F405800484F22 /* Frameworks */,
				968920211F9F405800484F22 /* Resources */,
			);
			buildRules = (
			);
			dependencies = (
				968920251F9F405800484F22 /* PBXTargetDependency */,
			);
			name = put_clockTests;
			productName = put_clockTests;
			productReference = 968920231F9F405800484F22 /* put_clockTests.xctest */;
			productType = "com.apple.product-type.bundle.unit-test";
		};
		9689202D1F9F405800484F22 /* put_clockUITests */ = {
			isa = PBXNativeTarget;
			buildConfigurationList = 9689203D1F9F405800484F22 /* Build configuration list for PBXNativeTarget "put_clockUITests" */;
			buildPhases = (
				9689202A1F9F405800484F22 /* Sources */,
				9689202B1F9F405800484F22 /* Frameworks */,
				9689202C1F9F405800484F22 /* Resources */,
			);
			buildRules = (
			);
			dependencies = (
				968920301F9F405800484F22 /* PBXTargetDependency */,
			);
			name = put_clockUITests;
			productName = put_clockUITests;
			productReference = 9689202E1F9F405800484F22 /* put_clockUITests.xctest */;
			productType = "com.apple.product-type.bundle.ui-testing";
		};
/* End PBXNativeTarget section */

/* Begin PBXProject section */
		968920071F9F405700484F22 /* Project object */ = {
			isa = PBXProject;
			attributes = {
				LastSwiftUpdateCheck = 0900;
				LastUpgradeCheck = 0900;
				ORGANIZATIONNAME = "table clock";
				TargetAttributes = {
					9689200E1F9F405800484F22 = {
						CreatedOnToolsVersion = 9.0.1;
						ProvisioningStyle = Automatic;
					};
					968920221F9F405800484F22 = {
						CreatedOnToolsVersion = 9.0.1;
						ProvisioningStyle = Automatic;
						TestTargetID = 9689200E1F9F405800484F22;
					};
					9689202D1F9F405800484F22 = {
						CreatedOnToolsVersion = 9.0.1;
						ProvisioningStyle = Automatic;
						TestTargetID = 9689200E1F9F405800484F22;
					};
				};
			};
			buildConfigurationList = 9689200A1F9F405700484F22 /* Build configuration list for PBXProject "put_clock" */;
			compatibilityVersion = "Xcode 8.0";
			developmentRegion = en;
			hasScannedForEncodings = 0;
			knownRegions = (
				en,
				Base,
			);
			mainGroup = 968920061F9F405700484F22;
			productRefGroup = 968920101F9F405800484F22 /* Products */;
			projectDirPath = "";
			projectRoot = "";
			targets = (
				9689200E1F9F405800484F22 /* put_clock */,
				968920221F9F405800484F22 /* put_clockTests */,
				9689202D1F9F405800484F22 /* put_clockUITests */,
			);
		};
/* End PBXProject section */

/* Begin PBXResourcesBuildPhase section */
		9689200D1F9F405800484F22 /* Resources */ = {
			isa = PBXResourcesBuildPhase;
			buildActionMask = 2147483647;
			files = (
				96693D3F202989140037FDE7 /* TwitterKitResources.bundle in Resources */,
				9689201D1F9F405800484F22 /* LaunchScreen.storyboard in Resources */,
				9689201A1F9F405800484F22 /* Assets.xcassets in Resources */,
				968920181F9F405800484F22 /* Main.storyboard in Resources */,
				96693D41202989140037FDE7 /* TwitterShareExtensionUIResources.bundle in Resources */,
			);
			runOnlyForDeploymentPostprocessing = 0;
		};
		968920211F9F405800484F22 /* Resources */ = {
			isa = PBXResourcesBuildPhase;
			buildActionMask = 2147483647;
			files = (
			);
			runOnlyForDeploymentPostprocessing = 0;
		};
		9689202C1F9F405800484F22 /* Resources */ = {
			isa = PBXResourcesBuildPhase;
			buildActionMask = 2147483647;
			files = (
			);
			runOnlyForDeploymentPostprocessing = 0;
		};
/* End PBXResourcesBuildPhase section */

/* Begin PBXSourcesBuildPhase section */
		9689200B1F9F405800484F22 /* Sources */ = {
			isa = PBXSourcesBuildPhase;
			buildActionMask = 2147483647;
			files = (
				965C36341FCCF27700926119 /* SwitchTableViewCell.swift in Sources */,
				96A54D1F1FCC17C3001EA499 /* ThemeTableViewCell.swift in Sources */,
				96FDA7C21FAC5F3B00A92743 /* SettingViewController.swift in Sources */,
				C6B84E752017897E00BCE281 /* onlyViewController.swift in Sources */,
				96A54D191FCC0B4B001EA499 /* LeftViewController.swift in Sources */,
				968920151F9F405800484F22 /* ViewController.swift in Sources */,
				C6B84E732017873600BCE281 /* color_switch.swift in Sources */,
				C6730B70202455A700D0E142 /* 設定管理.swift in Sources */,
				96A54D1B1FCC0F6C001EA499 /* draw.swift in Sources */,
				968920131F9F405800484F22 /* AppDelegate.swift in Sources */,
			);
			runOnlyForDeploymentPostprocessing = 0;
		};
		9689201F1F9F405800484F22 /* Sources */ = {
			isa = PBXSourcesBuildPhase;
			buildActionMask = 2147483647;
			files = (
				968920281F9F405800484F22 /* put_clockTests.swift in Sources */,
			);
			runOnlyForDeploymentPostprocessing = 0;
		};
		9689202A1F9F405800484F22 /* Sources */ = {
			isa = PBXSourcesBuildPhase;
			buildActionMask = 2147483647;
			files = (
				968920331F9F405800484F22 /* put_clockUITests.swift in Sources */,
			);
			runOnlyForDeploymentPostprocessing = 0;
		};
/* End PBXSourcesBuildPhase section */

/* Begin PBXTargetDependency section */
		968920251F9F405800484F22 /* PBXTargetDependency */ = {
			isa = PBXTargetDependency;
			target = 9689200E1F9F405800484F22 /* put_clock */;
			targetProxy = 968920241F9F405800484F22 /* PBXContainerItemProxy */;
		};
		968920301F9F405800484F22 /* PBXTargetDependency */ = {
			isa = PBXTargetDependency;
			target = 9689200E1F9F405800484F22 /* put_clock */;
			targetProxy = 9689202F1F9F405800484F22 /* PBXContainerItemProxy */;
		};
/* End PBXTargetDependency section */

/* Begin PBXVariantGroup section */
		968920161F9F405800484F22 /* Main.storyboard */ = {
			isa = PBXVariantGroup;
			children = (
				968920171F9F405800484F22 /* Base */,
			);
			name = Main.storyboard;
			sourceTree = "<group>";
		};
		9689201B1F9F405800484F22 /* LaunchScreen.storyboard */ = {
			isa = PBXVariantGroup;
			children = (
				9689201C1F9F405800484F22 /* Base */,
			);
			name = LaunchScreen.storyboard;
			sourceTree = "<group>";
		};
/* End PBXVariantGroup section */

/* Begin XCBuildConfiguration section */
		968920351F9F405800484F22 /* Debug */ = {
			isa = XCBuildConfiguration;
			buildSettings = {
				ALWAYS_SEARCH_USER_PATHS = NO;
				CLANG_ANALYZER_NONNULL = YES;
				CLANG_ANALYZER_NUMBER_OBJECT_CONVERSION = YES_AGGRESSIVE;
				CLANG_CXX_LANGUAGE_STANDARD = "gnu++14";
				CLANG_CXX_LIBRARY = "libc++";
				CLANG_ENABLE_MODULES = YES;
				CLANG_ENABLE_OBJC_ARC = YES;
				CLANG_WARN_BLOCK_CAPTURE_AUTORELEASING = YES;
				CLANG_WARN_BOOL_CONVERSION = YES;
				CLANG_WARN_COMMA = YES;
				CLANG_WARN_CONSTANT_CONVERSION = YES;
				CLANG_WARN_DIRECT_OBJC_ISA_USAGE = YES_ERROR;
				CLANG_WARN_DOCUMENTATION_COMMENTS = YES;
				CLANG_WARN_EMPTY_BODY = YES;
				CLANG_WARN_ENUM_CONVERSION = YES;
				CLANG_WARN_INFINITE_RECURSION = YES;
				CLANG_WARN_INT_CONVERSION = YES;
				CLANG_WARN_NON_LITERAL_NULL_CONVERSION = YES;
				CLANG_WARN_OBJC_LITERAL_CONVERSION = YES;
				CLANG_WARN_OBJC_ROOT_CLASS = YES_ERROR;
				CLANG_WARN_RANGE_LOOP_ANALYSIS = YES;
				CLANG_WARN_STRICT_PROTOTYPES = YES;
				CLANG_WARN_SUSPICIOUS_MOVE = YES;
				CLANG_WARN_UNGUARDED_AVAILABILITY = YES_AGGRESSIVE;
				CLANG_WARN_UNREACHABLE_CODE = YES;
				CLANG_WARN__DUPLICATE_METHOD_MATCH = YES;
				CODE_SIGN_IDENTITY = "iPhone Developer";
				COPY_PHASE_STRIP = NO;
				DEBUG_INFORMATION_FORMAT = dwarf;
				ENABLE_STRICT_OBJC_MSGSEND = YES;
				ENABLE_TESTABILITY = YES;
				GCC_C_LANGUAGE_STANDARD = gnu11;
				GCC_DYNAMIC_NO_PIC = NO;
				GCC_NO_COMMON_BLOCKS = YES;
				GCC_OPTIMIZATION_LEVEL = 0;
				GCC_PREPROCESSOR_DEFINITIONS = (
					"DEBUG=1",
					"$(inherited)",
				);
				GCC_WARN_64_TO_32_BIT_CONVERSION = YES;
				GCC_WARN_ABOUT_RETURN_TYPE = YES_ERROR;
				GCC_WARN_UNDECLARED_SELECTOR = YES;
				GCC_WARN_UNINITIALIZED_AUTOS = YES_AGGRESSIVE;
				GCC_WARN_UNUSED_FUNCTION = YES;
				GCC_WARN_UNUSED_VARIABLE = YES;
				IPHONEOS_DEPLOYMENT_TARGET = 11.0;
				MTL_ENABLE_DEBUG_INFO = YES;
				ONLY_ACTIVE_ARCH = YES;
				SDKROOT = iphoneos;
				SWIFT_ACTIVE_COMPILATION_CONDITIONS = DEBUG;
				SWIFT_OPTIMIZATION_LEVEL = "-Onone";
			};
			name = Debug;
		};
		968920361F9F405800484F22 /* Release */ = {
			isa = XCBuildConfiguration;
			buildSettings = {
				ALWAYS_SEARCH_USER_PATHS = NO;
				CLANG_ANALYZER_NONNULL = YES;
				CLANG_ANALYZER_NUMBER_OBJECT_CONVERSION = YES_AGGRESSIVE;
				CLANG_CXX_LANGUAGE_STANDARD = "gnu++14";
				CLANG_CXX_LIBRARY = "libc++";
				CLANG_ENABLE_MODULES = YES;
				CLANG_ENABLE_OBJC_ARC = YES;
				CLANG_WARN_BLOCK_CAPTURE_AUTORELEASING = YES;
				CLANG_WARN_BOOL_CONVERSION = YES;
				CLANG_WARN_COMMA = YES;
				CLANG_WARN_CONSTANT_CONVERSION = YES;
				CLANG_WARN_DIRECT_OBJC_ISA_USAGE = YES_ERROR;
				CLANG_WARN_DOCUMENTATION_COMMENTS = YES;
				CLANG_WARN_EMPTY_BODY = YES;
				CLANG_WARN_ENUM_CONVERSION = YES;
				CLANG_WARN_INFINITE_RECURSION = YES;
				CLANG_WARN_INT_CONVERSION = YES;
				CLANG_WARN_NON_LITERAL_NULL_CONVERSION = YES;
				CLANG_WARN_OBJC_LITERAL_CONVERSION = YES;
				CLANG_WARN_OBJC_ROOT_CLASS = YES_ERROR;
				CLANG_WARN_RANGE_LOOP_ANALYSIS = YES;
				CLANG_WARN_STRICT_PROTOTYPES = YES;
				CLANG_WARN_SUSPICIOUS_MOVE = YES;
				CLANG_WARN_UNGUARDED_AVAILABILITY = YES_AGGRESSIVE;
				CLANG_WARN_UNREACHABLE_CODE = YES;
				CLANG_WARN__DUPLICATE_METHOD_MATCH = YES;
				CODE_SIGN_IDENTITY = "iPhone Developer";
				COPY_PHASE_STRIP = NO;
				DEBUG_INFORMATION_FORMAT = "dwarf-with-dsym";
				ENABLE_NS_ASSERTIONS = NO;
				ENABLE_STRICT_OBJC_MSGSEND = YES;
				GCC_C_LANGUAGE_STANDARD = gnu11;
				GCC_NO_COMMON_BLOCKS = YES;
				GCC_WARN_64_TO_32_BIT_CONVERSION = YES;
				GCC_WARN_ABOUT_RETURN_TYPE = YES_ERROR;
				GCC_WARN_UNDECLARED_SELECTOR = YES;
				GCC_WARN_UNINITIALIZED_AUTOS = YES_AGGRESSIVE;
				GCC_WARN_UNUSED_FUNCTION = YES;
				GCC_WARN_UNUSED_VARIABLE = YES;
				IPHONEOS_DEPLOYMENT_TARGET = 11.0;
				MTL_ENABLE_DEBUG_INFO = NO;
				SDKROOT = iphoneos;
				SWIFT_OPTIMIZATION_LEVEL = "-Owholemodule";
				VALIDATE_PRODUCT = YES;
			};
			name = Release;
		};
		968920381F9F405800484F22 /* Debug */ = {
			isa = XCBuildConfiguration;
			buildSettings = {
				ASSETCATALOG_COMPILER_APPICON_NAME = AppIcon;
				CODE_SIGN_STYLE = Automatic;
				DEVELOPMENT_TEAM = 4U6NTUN735;
				FRAMEWORK_SEARCH_PATHS = (
					"$(inherited)",
					"$(PROJECT_DIR)",
				);
				INFOPLIST_FILE = put_clock/Info.plist;
				LD_RUNPATH_SEARCH_PATHS = "$(inherited) @executable_path/Frameworks";
				PRODUCT_BUNDLE_IDENTIFIER = "table-clock.put-clock";
				PRODUCT_NAME = "$(TARGET_NAME)";
				SWIFT_VERSION = 4.0;
				TARGETED_DEVICE_FAMILY = "1,2";
			};
			name = Debug;
		};
		968920391F9F405800484F22 /* Release */ = {
			isa = XCBuildConfiguration;
			buildSettings = {
				ASSETCATALOG_COMPILER_APPICON_NAME = AppIcon;
				CODE_SIGN_STYLE = Automatic;
				DEVELOPMENT_TEAM = 4U6NTUN735;
				FRAMEWORK_SEARCH_PATHS = (
					"$(inherited)",
					"$(PROJECT_DIR)",
				);
				INFOPLIST_FILE = put_clock/Info.plist;
				LD_RUNPATH_SEARCH_PATHS = "$(inherited) @executable_path/Frameworks";
				PRODUCT_BUNDLE_IDENTIFIER = "table-clock.put-clock";
				PRODUCT_NAME = "$(TARGET_NAME)";
				SWIFT_VERSION = 4.0;
				TARGETED_DEVICE_FAMILY = "1,2";
			};
			name = Release;
		};
		9689203B1F9F405800484F22 /* Debug */ = {
			isa = XCBuildConfiguration;
			buildSettings = {
				ALWAYS_EMBED_SWIFT_STANDARD_LIBRARIES = YES;
				BUNDLE_LOADER = "$(TEST_HOST)";
				CODE_SIGN_STYLE = Automatic;
				DEVELOPMENT_TEAM = 4U6NTUN735;
				INFOPLIST_FILE = put_clockTests/Info.plist;
				LD_RUNPATH_SEARCH_PATHS = "$(inherited) @executable_path/Frameworks @loader_path/Frameworks";
				PRODUCT_BUNDLE_IDENTIFIER = "table-clock.put-clockTests";
				PRODUCT_NAME = "$(TARGET_NAME)";
				SWIFT_VERSION = 4.0;
				TARGETED_DEVICE_FAMILY = "1,2";
				TEST_HOST = "$(BUILT_PRODUCTS_DIR)/put_clock.app/put_clock";
			};
			name = Debug;
		};
		9689203C1F9F405800484F22 /* Release */ = {
			isa = XCBuildConfiguration;
			buildSettings = {
				ALWAYS_EMBED_SWIFT_STANDARD_LIBRARIES = YES;
				BUNDLE_LOADER = "$(TEST_HOST)";
				CODE_SIGN_STYLE = Automatic;
				DEVELOPMENT_TEAM = 4U6NTUN735;
				INFOPLIST_FILE = put_clockTests/Info.plist;
				LD_RUNPATH_SEARCH_PATHS = "$(inherited) @executable_path/Frameworks @loader_path/Frameworks";
				PRODUCT_BUNDLE_IDENTIFIER = "table-clock.put-clockTests";
				PRODUCT_NAME = "$(TARGET_NAME)";
				SWIFT_VERSION = 4.0;
				TARGETED_DEVICE_FAMILY = "1,2";
				TEST_HOST = "$(BUILT_PRODUCTS_DIR)/put_clock.app/put_clock";
			};
			name = Release;
		};
		9689203E1F9F405800484F22 /* Debug */ = {
			isa = XCBuildConfiguration;
			buildSettings = {
				ALWAYS_EMBED_SWIFT_STANDARD_LIBRARIES = YES;
				CODE_SIGN_STYLE = Automatic;
				DEVELOPMENT_TEAM = 4U6NTUN735;
				INFOPLIST_FILE = put_clockUITests/Info.plist;
				LD_RUNPATH_SEARCH_PATHS = "$(inherited) @executable_path/Frameworks @loader_path/Frameworks";
				PRODUCT_BUNDLE_IDENTIFIER = "table-clock.put-clockUITests";
				PRODUCT_NAME = "$(TARGET_NAME)";
				SWIFT_VERSION = 4.0;
				TARGETED_DEVICE_FAMILY = "1,2";
				TEST_TARGET_NAME = put_clock;
			};
			name = Debug;
		};
		9689203F1F9F405800484F22 /* Release */ = {
			isa = XCBuildConfiguration;
			buildSettings = {
				ALWAYS_EMBED_SWIFT_STANDARD_LIBRARIES = YES;
				CODE_SIGN_STYLE = Automatic;
				DEVELOPMENT_TEAM = 4U6NTUN735;
				INFOPLIST_FILE = put_clockUITests/Info.plist;
				LD_RUNPATH_SEARCH_PATHS = "$(inherited) @executable_path/Frameworks @loader_path/Frameworks";
				PRODUCT_BUNDLE_IDENTIFIER = "table-clock.put-clockUITests";
				PRODUCT_NAME = "$(TARGET_NAME)";
				SWIFT_VERSION = 4.0;
				TARGETED_DEVICE_FAMILY = "1,2";
				TEST_TARGET_NAME = put_clock;
			};
			name = Release;
		};
/* End XCBuildConfiguration section */

/* Begin XCConfigurationList section */
		9689200A1F9F405700484F22 /* Build configuration list for PBXProject "put_clock" */ = {
			isa = XCConfigurationList;
			buildConfigurations = (
				968920351F9F405800484F22 /* Debug */,
				968920361F9F405800484F22 /* Release */,
			);
			defaultConfigurationIsVisible = 0;
			defaultConfigurationName = Release;
		};
		968920371F9F405800484F22 /* Build configuration list for PBXNativeTarget "put_clock" */ = {
			isa = XCConfigurationList;
			buildConfigurations = (
				968920381F9F405800484F22 /* Debug */,
				968920391F9F405800484F22 /* Release */,
			);
			defaultConfigurationIsVisible = 0;
			defaultConfigurationName = Release;
		};
		9689203A1F9F405800484F22 /* Build configuration list for PBXNativeTarget "put_clockTests" */ = {
			isa = XCConfigurationList;
			buildConfigurations = (
				9689203B1F9F405800484F22 /* Debug */,
				9689203C1F9F405800484F22 /* Release */,
			);
			defaultConfigurationIsVisible = 0;
			defaultConfigurationName = Release;
		};
		9689203D1F9F405800484F22 /* Build configuration list for PBXNativeTarget "put_clockUITests" */ = {
			isa = XCConfigurationList;
			buildConfigurations = (
				9689203E1F9F405800484F22 /* Debug */,
				9689203F1F9F405800484F22 /* Release */,
			);
			defaultConfigurationIsVisible = 0;
			defaultConfigurationName = Release;
		};
/* End XCConfigurationList section */
	};
	rootObject = 968920071F9F405700484F22 /* Project object */;
}
